
Microsoft Visual Studio Solution File, Format Version 12.00
# Visual Studio Version 16
VisualStudioVersion = 16.0.29728.190
MinimumVisualStudioVersion = 10.0.40219.1
Project("{9A19103F-16F7-4668-BE54-9A1E7A4F7556}") = "FLDCVisitManagerBackend", "FLDCVisitManager\FLDCVisitManagerBackend.csproj", "{F4EC690C-9617-4728-8F41-6031D1B99125}"
EndProject
Project("{9A19103F-16F7-4668-BE54-9A1E7A4F7556}") = "CMSDataLayer", "SquidexDataLayar\CMSDataLayer.csproj", "{0A9C17F2-E1AD-47ED-BAA1-5ADE822BDD6B}"
EndProject
Project("{9A19103F-16F7-4668-BE54-9A1E7A4F7556}") = "DataAccess", "DBManager\DataAccess.csproj", "{8AAE5409-E2A2-4FA1-BDA5-978DB057440C}"
EndProject
Project("{FAE04EC0-301F-11D3-BF4B-00C04F79EFBC}") = "FLDCBackend.Test", "FLDCBackend.Test\FLDCBackend.Test.csproj", "{61B674E4-F1C6-4D66-A6BE-D96CF3C2DED0}"
EndProject
Global
	GlobalSection(SolutionConfigurationPlatforms) = preSolution
		Debug|Any CPU = Debug|Any CPU
		Release|Any CPU = Release|Any CPU
	EndGlobalSection
	GlobalSection(ProjectConfigurationPlatforms) = postSolution
		{F4EC690C-9617-4728-8F41-6031D1B99125}.Debug|Any CPU.ActiveCfg = Debug|Any CPU
		{F4EC690C-9617-4728-8F41-6031D1B99125}.Debug|Any CPU.Build.0 = Debug|Any CPU
		{F4EC690C-9617-4728-8F41-6031D1B99125}.Release|Any CPU.ActiveCfg = Release|Any CPU
		{F4EC690C-9617-4728-8F41-6031D1B99125}.Release|Any CPU.Build.0 = Release|Any CPU
		{0A9C17F2-E1AD-47ED-BAA1-5ADE822BDD6B}.Debug|Any CPU.ActiveCfg = Debug|Any CPU
		{0A9C17F2-E1AD-47ED-BAA1-5ADE822BDD6B}.Debug|Any CPU.Build.0 = Debug|Any CPU
		{0A9C17F2-E1AD-47ED-BAA1-5ADE822BDD6B}.Release|Any CPU.ActiveCfg = Release|Any CPU
		{0A9C17F2-E1AD-47ED-BAA1-5ADE822BDD6B}.Release|Any CPU.Build.0 = Release|Any CPU
		{8AAE5409-E2A2-4FA1-BDA5-978DB057440C}.Debug|Any CPU.ActiveCfg = Debug|Any CPU
		{8AAE5409-E2A2-4FA1-BDA5-978DB057440C}.Debug|Any CPU.Build.0 = Debug|Any CPU
		{8AAE5409-E2A2-4FA1-BDA5-978DB057440C}.Release|Any CPU.ActiveCfg = Release|Any CPU
		{8AAE5409-E2A2-4FA1-BDA5-978DB057440C}.Release|Any CPU.Build.0 = Release|Any CPU
		{61B674E4-F1C6-4D66-A6BE-D96CF3C2DED0}.Debug|Any CPU.ActiveCfg = Debug|Any CPU
		{61B674E4-F1C6-4D66-A6BE-D96CF3C2DED0}.Debug|Any CPU.Build.0 = Debug|Any CPU
		{61B674E4-F1C6-4D66-A6BE-D96CF3C2DED0}.Release|Any CPU.ActiveCfg = Release|Any CPU
		{61B674E4-F1C6-4D66-A6BE-D96CF3C2DED0}.Release|Any CPU.Build.0 = Release|Any CPU
	EndGlobalSection
	GlobalSection(SolutionProperties) = preSolution
		HideSolutionNode = FALSE
	EndGlobalSection
	GlobalSection(ExtensibilityGlobals) = postSolution
		SolutionGuid = {1081EB5F-98A0-4A91-8D5A-2F5D41EBF292}
	EndGlobalSection
EndGlobal
